<?xml version="1.0" encoding="utf-8"?>
<Project ToolsVersion="4.0" xmlns="http://schemas.microsoft.com/developer/msbuild/2003">
  <ItemGroup>
    <ClCompile Include="..\Source\Animation.cpp" />
    <ClCompile Include="..\Source\EventManager.cpp" />
    <ClCompile Include="..\Source\main.cpp" />
    <ClCompile Include="..\Source\Renderer.cpp" />
    <ClCompile Include="..\Source\TextureLoader.cpp" />
    <ClCompile Include="..\Source\World.cpp" />
    <ClCompile Include="..\Source\Camera.cpp">
      <Filter>Cameras</Filter>
    </ClCompile>
    <ClCompile Include="..\Source\common.cpp">
      <Filter>Sound</Filter>
    </ClCompile>
    <ClCompile Include="..\Source\common_platform.cpp">
      <Filter>Sound</Filter>
    </ClCompile>
    <ClCompile Include="..\Source\FirstPersonCamera.cpp">
      <Filter>Cameras</Filter>
    </ClCompile>
    <ClCompile Include="..\Source\CubeModel.cpp">
      <Filter>Models</Filter>
    </ClCompile>
    <ClCompile Include="..\Source\LightModel.cpp">
      <Filter>Models</Filter>
    </ClCompile>
    <ClCompile Include="..\Source\Model.cpp">
      <Filter>Models</Filter>
    </ClCompile>
    <ClCompile Include="..\Source\Billboard.cpp">
      <Filter>Particles</Filter>
    </ClCompile>
    <ClCompile Include="..\Source\ParticleDescriptor.cpp">
      <Filter>Particles</Filter>
    </ClCompile>
    <ClCompile Include="..\Source\ParticleEmitter.cpp">
      <Filter>Particles</Filter>
    </ClCompile>
    <ClCompile Include="..\Source\ParticleSystem.cpp">
      <Filter>Particles</Filter>
    </ClCompile>
    <ClCompile Include="..\Source\Skybox.cpp">
      <Filter>Models</Filter>
    </ClCompile>
    <ClCompile Include="..\Source\SphereModel.cpp">
      <Filter>Models</Filter>
    </ClCompile>
    <ClCompile Include="..\Source\StaticCamera.cpp">
      <Filter>Cameras</Filter>
    </ClCompile>
    <ClCompile Include="..\Source\Plane.cpp">
      <Filter>Models</Filter>
    </ClCompile>
    <ClCompile Include="..\Source\Sound.cpp">
      <Filter>Sound</Filter>
    </ClCompile>
    <ClCompile Include="..\Source\ThirdPersonCamera.cpp">
      <Filter>Cameras</Filter>
    </ClCompile>
    <ClCompile Include="..\Source\TrackCamera.cpp">
      <Filter>Cameras</Filter>
    </ClCompile>
    <ClCompile Include="..\Source\TrackCameraLookatCurve.cpp">
      <Filter>Cameras</Filter>
    </ClCompile>
  </ItemGroup>
  <ItemGroup>
    <ClInclude Include="..\Source\Animation.h" />
    <ClInclude Include="..\Source\ParsingHelper.h" />
    <ClInclude Include="..\Source\EventManager.h" />
    <ClInclude Include="..\Source\Renderer.h" />
    <ClInclude Include="..\Source\TextureLoader.h" />
    <ClInclude Include="..\Source\World.h" />
    <ClInclude Include="..\Source\Camera.h">
      <Filter>Cameras</Filter>
    </ClInclude>
    <ClInclude Include="..\Source\common.h">
      <Filter>Sound</Filter>
    </ClInclude>
    <ClInclude Include="..\Source\common_platform.h">
      <Filter>Sound</Filter>
    </ClInclude>
    <ClInclude Include="..\Source\FirstPersonCamera.h">
      <Filter>Cameras</Filter>
    </ClInclude>
    <ClInclude Include="..\Source\CubeModel.h">
      <Filter>Models</Filter>
    </ClInclude>
    <ClInclude Include="..\Source\LightModel.h">
      <Filter>Models</Filter>
    </ClInclude>
    <ClInclude Include="..\Source\Model.h">
      <Filter>Models</Filter>
    </ClInclude>
    <ClInclude Include="..\Source\Billboard.h">
      <Filter>Particles</Filter>
    </ClInclude>
    <ClInclude Include="..\Source\ParticleDescriptor.h">
      <Filter>Particles</Filter>
    </ClInclude>
    <ClInclude Include="..\Source\ParticleEmitter.h">
      <Filter>Particles</Filter>
    </ClInclude>
    <ClInclude Include="..\Source\ParticleSystem.h">
      <Filter>Particles</Filter>
    </ClInclude>
    <ClInclude Include="..\Source\Skybox.h">
      <Filter>Models</Filter>
    </ClInclude>
    <ClInclude Include="..\Source\Plane.h">
      <Filter>Models</Filter>
    </ClInclude>
    <ClInclude Include="..\Source\SphereModel.h">
      <Filter>Models</Filter>
    </ClInclude>
    <ClInclude Include="..\Source\Sound.h">
      <Filter>Sound</Filter>
    </ClInclude>
    <ClInclude Include="..\Source\StaticCamera.h">
      <Filter>Cameras</Filter>
    </ClInclude>
    <ClInclude Include="..\Source\ThirdPersonCamera.h">
      <Filter>Cameras</Filter>
    </ClInclude>
    <ClInclude Include="..\Source\TrackCamera.h">
      <Filter>Cameras</Filter>
    </ClInclude>
    <ClInclude Include="..\ThirdParty\dirent.h">
      <Filter>Assets</Filter>
    </ClInclude>
    <ClInclude Include="..\Source\TrackCameraLookatCurve.h">
      <Filter>Cameras</Filter>
    </ClInclude>
    <ClInclude Include="..\Source\Curves.h">
      <Filter>Cameras</Filter>
    </ClInclude>
  </ItemGroup>
  <ItemGroup>
    <Image Include="..\Assets\Textures\negx.jpg">
      <Filter>Assets</Filter>
    </Image>
    <Image Include="..\Assets\Textures\negy.jpg">
      <Filter>Assets</Filter>
    </Image>
    <Image Include="..\Assets\Textures\negz.jpg">
      <Filter>Assets</Filter>
    </Image>
    <Image Include="..\..\..\..\Assignment2_v2\Framework\Assets\Textures\BillboardTest.bmp">
      <Filter>Assets</Filter>
    </Image>
    <Image Include="..\..\..\..\Assignment2_v2\Framework\Assets\Textures\Particle.png">
      <Filter>Assets</Filter>
    </Image>
    <Image Include="..\Assets\Textures\posx.jpg">
      <Filter>Assets</Filter>
    </Image>
    <Image Include="..\Assets\Textures\posy.jpg">
      <Filter>Assets</Filter>
    </Image>
    <Image Include="..\Assets\Textures\posz.jpg">
      <Filter>Assets</Filter>
    </Image>
  </ItemGroup>
  <ItemGroup>
    <None Include="..\Assets\Scenes\AnimatedScene.scene">
      <Filter>Scenes</Filter>
    </None>
    <None Include="..\Assets\Scenes\AnimatedSceneWithParticles.scene">
      <Filter>Scenes</Filter>
    </None>
    <None Include="..\Assets\Scenes\CoordinateSystem.scene">
      <Filter>Scenes</Filter>
    </None>
    <None Include="..\Assets\Shaders\BlueColor.fragmentshader">
      <Filter>Shaders</Filter>
    </None>
    <None Include="..\Assets\Shaders\Flat.fragmentshader">
      <Filter>Shaders</Filter>
    </None>
    <None Include="..\Assets\Shaders\Flat.vertexshader">
      <Filter>Shaders</Filter>
    </None>
    <None Include="..\Assets\Scenes\NOISE.Scene">
      <Filter>Scenes</Filter>
    </None>
    <None Include="..\Assets\Shaders\PathLines.fragmentshader">
      <Filter>Shaders</Filter>
    </None>
    <None Include="..\Assets\Shaders\PathLines.vertexshader">
      <Filter>Shaders</Filter>
    </None>
    <None Include="..\Assets\Shaders\Skybox.fragmentshader">
      <Filter>Shaders</Filter>
    </None>
    <None Include="..\Assets\Shaders\Skybox.vertexshader">
      <Filter>Shaders</Filter>
    </None>
    <None Include="..\Assets\Shaders\SolidColor.fragmentshader">
      <Filter>Shaders</Filter>
    </None>
    <None Include="..\Assets\Shaders\SolidColor.vertexshader">
      <Filter>Shaders</Filter>
    </None>
    <None Include="..\Assets\Scenes\StaticScene.scene">
      <Filter>Scenes</Filter>
    </None>
    <None Include="..\Assets\Shaders\Texture.fragmentshader">
      <Filter>Shaders</Filter>
    </None>
    <None Include="..\Assets\Shaders\Texture.vertexshader">
      <Filter>Shaders</Filter>
    </None>
  </ItemGroup>
  <ItemGroup>
    <Filter Include="Scenes">
      <UniqueIdentifier>{46ace607-bef2-44f5-a47c-ab12afab8084}</UniqueIdentifier>
    </Filter>
    <Filter Include="Shaders">
      <UniqueIdentifier>{6177d34c-f2ea-41a9-8558-55f680a6374d}</UniqueIdentifier>
    </Filter>
    <Filter Include="Cameras">
      <UniqueIdentifier>{a64e3f6d-7529-4572-94f3-6cf9497362b0}</UniqueIdentifier>
    </Filter>
    <Filter Include="Sound">
      <UniqueIdentifier>{c92f8312-124c-4030-bebc-73da5aa1212a}</UniqueIdentifier>
    </Filter>
    <Filter Include="Models">
      <UniqueIdentifier>{cd7bcace-a48f-43e8-8748-198cdebb4f71}</UniqueIdentifier>
    </Filter>
    <Filter Include="Particles">
      <UniqueIdentifier>{89346553-5494-496f-8a85-a33a6dbadcac}</UniqueIdentifier>
    </Filter>
    <Filter Include="Assets">
      <UniqueIdentifier>{cd9fdb52-8a81-4db9-9590-1082a3f8973a}</UniqueIdentifier>
    </Filter>
  </ItemGroup>
</Project>